
Microsoft Visual Studio Solution File, Format Version 12.00
# Visual Studio Version 17
VisualStudioVersion = 17.3.32825.248
MinimumVisualStudioVersion = 10.0.40219.1
Project("{9A19103F-16F7-4668-BE54-9A1E7A4F7556}") = "OneTimePassword.Api", "OneTimePassword.Api.csproj", "{4B38C4C5-189B-48AE-A624-4B6C54998FF4}"
EndProject
Project("{9A19103F-16F7-4668-BE54-9A1E7A4F7556}") = "OneTimePassword.DataAccess", "..\OneTimePassword.DataAccess\OneTimePassword.DataAccess.csproj", "{174F247E-342E-4A4A-8B70-09717DC8CEF0}"
EndProject
Project("{9A19103F-16F7-4668-BE54-9A1E7A4F7556}") = "OneTimePassword.Model", "..\OneTimePassword.Model\OneTimePassword.Model.csproj", "{52B57DC4-D8C7-4890-9FA2-6F9FD76AA142}"
EndProject
Project("{9A19103F-16F7-4668-BE54-9A1E7A4F7556}") = "OneTimePassword.Business", "..\OneTimePassword.Business\OneTimePassword.Business.csproj", "{F00E2AE0-1C28-4BDC-9F9F-1E3AC54AF0E9}"
EndProject
Project("{9A19103F-16F7-4668-BE54-9A1E7A4F7556}") = "OneTimePassword.Web", "..\OneTimePassword.Web\OneTimePassword.Web.csproj", "{DCDA9747-69B3-4D0B-B94F-31C2BFA2254F}"
EndProject
Global
	GlobalSection(SolutionConfigurationPlatforms) = preSolution
		Debug|Any CPU = Debug|Any CPU
		Release|Any CPU = Release|Any CPU
	EndGlobalSection
	GlobalSection(ProjectConfigurationPlatforms) = postSolution
		{4B38C4C5-189B-48AE-A624-4B6C54998FF4}.Debug|Any CPU.ActiveCfg = Debug|Any CPU
		{4B38C4C5-189B-48AE-A624-4B6C54998FF4}.Debug|Any CPU.Build.0 = Debug|Any CPU
		{4B38C4C5-189B-48AE-A624-4B6C54998FF4}.Release|Any CPU.ActiveCfg = Release|Any CPU
		{4B38C4C5-189B-48AE-A624-4B6C54998FF4}.Release|Any CPU.Build.0 = Release|Any CPU
		{174F247E-342E-4A4A-8B70-09717DC8CEF0}.Debug|Any CPU.ActiveCfg = Debug|Any CPU
		{174F247E-342E-4A4A-8B70-09717DC8CEF0}.Debug|Any CPU.Build.0 = Debug|Any CPU
		{174F247E-342E-4A4A-8B70-09717DC8CEF0}.Release|Any CPU.ActiveCfg = Release|Any CPU
		{174F247E-342E-4A4A-8B70-09717DC8CEF0}.Release|Any CPU.Build.0 = Release|Any CPU
		{52B57DC4-D8C7-4890-9FA2-6F9FD76AA142}.Debug|Any CPU.ActiveCfg = Debug|Any CPU
		{52B57DC4-D8C7-4890-9FA2-6F9FD76AA142}.Debug|Any CPU.Build.0 = Debug|Any CPU
		{52B57DC4-D8C7-4890-9FA2-6F9FD76AA142}.Release|Any CPU.ActiveCfg = Release|Any CPU
		{52B57DC4-D8C7-4890-9FA2-6F9FD76AA142}.Release|Any CPU.Build.0 = Release|Any CPU
		{F00E2AE0-1C28-4BDC-9F9F-1E3AC54AF0E9}.Debug|Any CPU.ActiveCfg = Debug|Any CPU
		{F00E2AE0-1C28-4BDC-9F9F-1E3AC54AF0E9}.Debug|Any CPU.Build.0 = Debug|Any CPU
		{F00E2AE0-1C28-4BDC-9F9F-1E3AC54AF0E9}.Release|Any CPU.ActiveCfg = Release|Any CPU
		{F00E2AE0-1C28-4BDC-9F9F-1E3AC54AF0E9}.Release|Any CPU.Build.0 = Release|Any CPU
		{DCDA9747-69B3-4D0B-B94F-31C2BFA2254F}.Debug|Any CPU.ActiveCfg = Debug|Any CPU
		{DCDA9747-69B3-4D0B-B94F-31C2BFA2254F}.Debug|Any CPU.Build.0 = Debug|Any CPU
		{DCDA9747-69B3-4D0B-B94F-31C2BFA2254F}.Release|Any CPU.ActiveCfg = Release|Any CPU
		{DCDA9747-69B3-4D0B-B94F-31C2BFA2254F}.Release|Any CPU.Build.0 = Release|Any CPU
	EndGlobalSection
	GlobalSection(SolutionProperties) = preSolution
		HideSolutionNode = FALSE
	EndGlobalSection
	GlobalSection(ExtensibilityGlobals) = postSolution
		SolutionGuid = {D3F38991-A872-4072-A89D-A513F916A984}
	EndGlobalSection
EndGlobal
